
Microsoft Visual Studio Solution File, Format Version 12.00
# Visual Studio Version 17
VisualStudioVersion = 17.9.34728.123
MinimumVisualStudioVersion = 10.0.40219.1
Project("{FAE04EC0-301F-11D3-BF4B-00C04F79EFBC}") = "examenjbeta", "examenjbeta.csproj", "{C1490FD5-BD34-4A85-8501-1D4DC4DFB1CA}"
EndProject
Global
	GlobalSection(SolutionConfigurationPlatforms) = preSolution
		Debug|Any CPU = Debug|Any CPU
		Release|Any CPU = Release|Any CPU
	EndGlobalSection
	GlobalSection(ProjectConfigurationPlatforms) = postSolution
		{C1490FD5-BD34-4A85-8501-1D4DC4DFB1CA}.Debug|Any CPU.ActiveCfg = Debug|Any CPU
		{C1490FD5-BD34-4A85-8501-1D4DC4DFB1CA}.Debug|Any CPU.Build.0 = Debug|Any CPU
		{C1490FD5-BD34-4A85-8501-1D4DC4DFB1CA}.Release|Any CPU.ActiveCfg = Release|Any CPU
		{C1490FD5-BD34-4A85-8501-1D4DC4DFB1CA}.Release|Any CPU.Build.0 = Release|Any CPU
	EndGlobalSection
	GlobalSection(SolutionProperties) = preSolution
		HideSolutionNode = FALSE
	EndGlobalSection
	GlobalSection(ExtensibilityGlobals) = postSolution
		SolutionGuid = {1DD4D73C-C3E3-4C17-B30A-40F13668FB8E}
	EndGlobalSection
EndGlobal
